{
  "name": "chart",
  "version": "0.0.2",
  "lockfileVersion": 1,
  "requires": true,
  "dependencies": {
    "@antv/adjust": {
      "version": "0.2.1",
      "resolved": "https://registry.npmjs.org/@antv/adjust/-/adjust-0.2.1.tgz",
      "integrity": "sha512-e8nDWRxWc/ACnCvBDpKWco1JBePGPPPLeDjOhicHaZ11GytnPfVJm9iymehMQ+CcRjOVXelWYpWJSSXncfNiog==",
      "requires": {
        "@antv/util": "~2.0.0",
        "tslib": "^1.10.0"
      }
    },
    "@antv/attr": {
      "version": "0.2.0",
      "resolved": "https://registry.npmjs.org/@antv/attr/-/attr-0.2.0.tgz",
      "integrity": "sha512-ni2TVrfQMDnWMfyUUKW1aR/caDzsoC1QgdyYTJ/vU2cKzCMq4i70iG5OdNqA8+CLNKreFHaxtj+VXp83QljD8w==",
      "requires": {
        "@antv/util": "~2.0.0",
        "tslib": "^1.10.0"
      }
    },
    "@antv/component": {
      "version": "0.4.0-beta.5",
      "resolved": "https://registry.npmjs.org/@antv/component/-/component-0.4.0-beta.5.tgz",
      "integrity": "sha512-jpHvlmt6xA2XrO09HuNX3U+2xCRw6GKrM6Y2DUyyBlDhRZoo18PkGEJ6srRwH/e2+tzTzf4iuwO7GvZ0XyteQQ==",
      "requires": {
        "@antv/attr": "~0.2.0",
        "@antv/dom-util": "^2.0.1",
        "@antv/event-emitter": "~0.1.0",
        "@antv/g": "~3.5.0-beta.1",
        "@antv/matrix-util": "^2.0.2",
        "@antv/path-util": "^2.0.3",
        "@antv/scale": "~0.2.0",
        "@antv/util": "~2.0.4"
      }
    },
    "@antv/coord": {
      "version": "0.2.2",
      "resolved": "https://registry.npmjs.org/@antv/coord/-/coord-0.2.2.tgz",
      "integrity": "sha512-HlEi9kUIpv9nS80XSuTquyc4DNPM9mN2PJ/CYAZad3jRhZ0rlZ7V5jrHw/4O5vXxMqh+PG+8k/LP69ykkYGePQ==",
      "requires": {
        "@antv/matrix-util": "~2.0.1-beta.1",
        "@antv/util": "~2.0.3",
        "tslib": "^1.10.0"
      }
    },
    "@antv/dom-util": {
      "version": "2.0.1",
      "resolved": "https://registry.npmjs.org/@antv/dom-util/-/dom-util-2.0.1.tgz",
      "integrity": "sha512-0k1BCwQu0fS6WxR3mcDpRbj+zn4vKdpKRpaMmcskN7lCEMGZjDG2ttL3+OHYdqI2cN5Y9TIS9IbVcvAQpGkZww=="
    },
    "@antv/event-emitter": {
      "version": "0.1.1",
      "resolved": "https://registry.npmjs.org/@antv/event-emitter/-/event-emitter-0.1.1.tgz",
      "integrity": "sha512-kg2xncgQDLUMJpbaeFpY0LL3BXYkpAjQfNbvqqVdfug1rNxo7w9cZATO3y10wJfVuyO4UPJOHKnWNHgtB538eQ=="
    },
    "@antv/g": {
      "version": "3.5.0-beta.2",
      "resolved": "https://registry.npmjs.org/@antv/g/-/g-3.5.0-beta.2.tgz",
      "integrity": "sha512-bAtyyruV9x7cKknjt/M9oiZyOPYFIeyXhc7Lj5jOE2lAyHo9K0PEkp+gwXlS06p8ZgAqMxWTIIm2CUBJW127ow==",
      "requires": {
        "@antv/event-emitter": "^0.1.0",
        "@antv/gl-matrix": "~2.7.1",
        "@antv/util": "~1.3.1",
        "d3-ease": "~1.0.3",
        "d3-interpolate": "~1.1.5",
        "d3-timer": "~1.0.6",
        "detect-browser": "^4.6.0"
      },
      "dependencies": {
        "@antv/util": {
          "version": "1.3.1",
          "resolved": "https://registry.npmjs.org/@antv/util/-/util-1.3.1.tgz",
          "integrity": "sha512-cbUta0hIJrKEaW3eKoGarz3Ita+9qUPF2YzTj8A6wds/nNiy20G26ztIWHU+5ThLc13B1n5Ik52LbaCaeg9enA==",
          "requires": {
            "@antv/gl-matrix": "^2.7.1"
          }
        }
      }
    },
    "@antv/g-gesture": {
      "version": "0.1.0",
      "resolved": "https://registry.npmjs.org/@antv/g-gesture/-/g-gesture-0.1.0.tgz",
      "integrity": "sha512-+m6q+MUGk4RDlCgkd2DUhBtlJKhFB1bIYycP+9mzdC5RrIO4NGRHTmq4yn/IKS1UJx8nB9pgJSUwe/C1PWBrmQ==",
      "requires": {
        "@antv/event-emitter": "~0.1.0",
        "d3-ease": "^1.0.5"
      }
    },
    "@antv/g2": {
      "version": "3.6.0-beta.6",
      "resolved": "https://registry.npmjs.org/@antv/g2/-/g2-3.6.0-beta.6.tgz",
      "integrity": "sha512-cAPyA7v01ErTZ5N1krH+LR/ACORwtBqzjt1Gq9BAb2J0KJ3nrCEuUCpSJp/8DUzku9pzSzMyJWDLclVcNXLPow==",
      "requires": {
        "@antv/adjust": "~0.2.0",
        "@antv/attr": "~0.2.0",
        "@antv/component": "~0.4.0-beta.5",
        "@antv/coord": "~0.2.1",
        "@antv/dom-util": "^2.0.1",
        "@antv/event-emitter": "~0.1.0",
        "@antv/g": "~3.5.0-beta.1",
        "@antv/matrix-util": "^2.0.2",
        "@antv/path-util": "^2.0.2",
        "@antv/scale": "~0.2.0",
        "@antv/util": "~2.0.4"
      }
    },
    "@antv/g2plot": {
      "version": "0.11.2",
      "resolved": "https://registry.npmjs.org/@antv/g2plot/-/g2plot-0.11.2.tgz",
      "integrity": "sha512-oL4Z3WGRcugXI/peaC3RInocmDg9SxOFD2P3nJ12IEcRnrA6JKZ6z5pv2xoDvenZrN6vgidd9div3qwBR2Mukg==",
      "requires": {
        "@antv/component": "~0.4.0-beta.5",
        "@antv/coord": "~0.2.2",
        "@antv/dom-util": "~2.0.1",
        "@antv/event-emitter": "^0.1.1",
        "@antv/g": "~3.5.0-beta.1",
        "@antv/g-gesture": "~0.1.0",
        "@antv/g2": "~3.6.0-beta.6",
        "@antv/gui": "~0.1.0",
        "@antv/matrix-util": "~2.0.2",
        "@antv/scale": "^0.2.1",
        "@antv/util": "~2.0.4",
        "fecha": "~3.0.3",
        "resize-observer-polyfill": "^1.5.1",
        "tslib": "^1.10.0"
      }
    },
    "@antv/gl-matrix": {
      "version": "2.7.1",
      "resolved": "https://registry.npmjs.org/@antv/gl-matrix/-/gl-matrix-2.7.1.tgz",
      "integrity": "sha512-oOWcVNlpELIKi9x+Mm1Vwbz8pXfkbJKykoCIOJ/dNK79hSIANbpXJ5d3Rra9/wZqK6MC961B7sybFhPlLraT3Q=="
    },
    "@antv/gui": {
      "version": "0.1.0",
      "resolved": "https://registry.npmjs.org/@antv/gui/-/gui-0.1.0.tgz",
      "integrity": "sha512-FDxZHXHrryqtERsVR/61+dwIATik1jk9gIk+H/KTMjVTCXBuQHlHW9ySEFwBEO3Iw7cjnRo4a+7NBMLSutucQA==",
      "requires": {
        "@antv/dom-util": "^2.0.1",
        "@antv/g": "~3.5.0-beta.1",
        "@antv/path-util": "^2.0.0",
        "@antv/scale": "~0.2.0",
        "@antv/util": "~2.0.0",
        "tslib": "^1.10.0"
      }
    },
    "@antv/matrix-util": {
      "version": "2.0.4",
      "resolved": "https://registry.npmjs.org/@antv/matrix-util/-/matrix-util-2.0.4.tgz",
      "integrity": "sha512-qZ7JYdz1YpaCCGF4W2M+VB2RNf94W9l2YI4xXb+MbScqbZt4oiNdZ8PTL4GHWiTUwLFrGAcXvSQcGYtN1c343Q==",
      "requires": {
        "@antv/gl-matrix": "^2.7.1",
        "@antv/util": "~2.0.0",
        "tslib": "^1.10.0"
      }
    },
    "@antv/path-util": {
      "version": "2.0.4",
      "resolved": "https://registry.npmjs.org/@antv/path-util/-/path-util-2.0.4.tgz",
      "integrity": "sha512-1oXQS7/rwidNeKVCqK3wRstl4SuId7++JrMdyMjaVVTWYtupvpIVG4GKsHDNR/mnRvU/fUmTfw8VMlSNu6Xjgw==",
      "requires": {
        "@antv/util": "~2.0.0",
        "tslib": "^1.10.0"
      }
    },
    "@antv/scale": {
      "version": "0.2.1",
      "resolved": "https://registry.npmjs.org/@antv/scale/-/scale-0.2.1.tgz",
      "integrity": "sha512-AeS+J7vZ+kGgqJwdXBu+AjGQoZyCMrWHwV3AxuSFWmGASttpLXT6WSL5BX97ru7gfJrcNIlGmgVV7Wuj5Sh3HQ==",
      "requires": {
        "@antv/util": "~2.0.3",
        "moment": "^2.24.0",
        "tslib": "^1.10.0"
      }
    },
    "@antv/util": {
      "version": "2.0.6",
      "resolved": "https://registry.npmjs.org/@antv/util/-/util-2.0.6.tgz",
      "integrity": "sha512-kWoEiM5OyT2NieEM67rHwoXP/09iRJAho7+TP+FEUWIrJRA6KkSLNipwHhm7D+mA8BuwcKtOe2i7zewobMfJuQ==",
      "requires": {
        "tslib": "^1.10.0"
      }
    },
    "d3-color": {
      "version": "1.4.0",
      "resolved": "https://registry.npmjs.org/d3-color/-/d3-color-1.4.0.tgz",
      "integrity": "sha512-TzNPeJy2+iEepfiL92LAAB7fvnp/dV2YwANPVHdDWmYMm23qIJBYww3qT8I8C1wXrmrg4UWs7BKc2tKIgyjzHg=="
    },
    "d3-ease": {
      "version": "1.0.6",
      "resolved": "https://registry.npmjs.org/d3-ease/-/d3-ease-1.0.6.tgz",
      "integrity": "sha512-SZ/lVU7LRXafqp7XtIcBdxnWl8yyLpgOmzAk0mWBI9gXNzLDx5ybZgnRbH9dN/yY5tzVBqCQ9avltSnqVwessQ=="
    },
    "d3-interpolate": {
      "version": "1.1.6",
      "resolved": "https://registry.npmjs.org/d3-interpolate/-/d3-interpolate-1.1.6.tgz",
      "integrity": "sha512-mOnv5a+pZzkNIHtw/V6I+w9Lqm9L5bG3OTXPM5A+QO0yyVMQ4W1uZhR+VOJmazaOZXri2ppbiZ5BUNWT0pFM9A==",
      "requires": {
        "d3-color": "1"
      }
    },
    "d3-timer": {
      "version": "1.0.10",
      "resolved": "https://registry.npmjs.org/d3-timer/-/d3-timer-1.0.10.tgz",
      "integrity": "sha512-B1JDm0XDaQC+uvo4DT79H0XmBskgS3l6Ve+1SBCfxgmtIb1AVrPIoqd+nPSv+loMX8szQ0sVUhGngL7D5QPiXw=="
    },
    "detect-browser": {
      "version": "4.8.0",
      "resolved": "https://registry.npmjs.org/detect-browser/-/detect-browser-4.8.0.tgz",
      "integrity": "sha512-f4h2dFgzHUIpjpBLjhnDIteXv8VQiUm8XzAuzQtYUqECX/eKh67ykuiVoyb7Db7a0PUSmJa3OGXStG0CbQFUVw=="
    },
    "fecha": {
      "version": "3.0.3",
      "resolved": "https://registry.npmjs.org/fecha/-/fecha-3.0.3.tgz",
      "integrity": "sha512-6LQK/1jud/FZnfEEZJ7y81vw7ge81DNd/XEsX0hgMUjhS+QMljkb1C0czBaP7dMNRVrd5mw/J2J7qI2Nw+TWZw=="
    },
    "moment": {
      "version": "2.29.2",
      "resolved": "https://registry.npmjs.org/moment/-/moment-2.29.2.tgz",
      "integrity": "sha512-UgzG4rvxYpN15jgCmVJwac49h9ly9NurikMWGPdVxm8GZD6XjkKPxDTjQQ43gtGgnV3X0cAyWDdP2Wexoquifg=="
    },
    "resize-observer-polyfill": {
      "version": "1.5.1",
      "resolved": "https://registry.npmjs.org/resize-observer-polyfill/-/resize-observer-polyfill-1.5.1.tgz",
      "integrity": "sha512-LwZrotdHOo12nQuZlHEmtuXdqGoOD0OhaxopaNFxWzInpEgaLWoVuAMbTzixuosCx2nEG58ngzW3vxdWoxIgdg=="
    },
    "tslib": {
      "version": "1.10.0",
      "resolved": "https://registry.npmjs.org/tslib/-/tslib-1.10.0.tgz",
      "integrity": "sha512-qOebF53frne81cf0S9B41ByenJ3/IuH8yJKngAX35CmiZySA0khhkovshKK+jGCaMnVomla7gVlIcc3EvKPbTQ=="
    },
    "vue": {
      "version": "2.6.10",
      "resolved": "https://registry.npmjs.org/vue/-/vue-2.6.10.tgz",
      "integrity": "sha512-ImThpeNU9HbdZL3utgMCq0oiMzAkt1mcgy3/E6zWC/G6AaQoeuFdsl9nDhTDU3X1R6FK7nsIUuRACVcjI+A2GQ=="
    }
  }
}
